# THIS IS AN AUTOGENERATED FILE. DO NOT EDIT THIS FILE DIRECTLY.
# yarn lockfile v1


"@types/node@^14.6.4":
  version "14.6.4"
  resolved "https://registry.yarnpkg.com/@types/node/-/node-14.6.4.tgz#a145cc0bb14ef9c4777361b7bbafa5cf8e3acb5a"
  integrity sha512-Wk7nG1JSaMfMpoMJDKUsWYugliB2Vy55pdjLpmLixeyMi7HizW2I/9QoxsPCkXl3dO+ZOVqPumKaDUv5zJu2uQ==

base-64@^0.1.0:
  version "0.1.0"
  resolved "https://registry.yarnpkg.com/base-64/-/base-64-0.1.0.tgz#780a99c84e7d600260361511c4877613bf24f6bb"
  integrity sha1-eAqZyE59YAJgNhURxId2E78k9rs=

crypto-js@^3.1.9-1:
  version "3.3.0"
  resolved "https://registry.yarnpkg.com/crypto-js/-/crypto-js-3.3.0.tgz#846dd1cce2f68aacfa156c8578f926a609b7976b"
  integrity sha512-DIT51nX0dCfKltpRiXV+/TVZq+Qq2NgF4644+K7Ttnla7zEzqc+kjJyiB96BHNyUTBxyjzRcZYpUdZa+QAqi6Q==

digest-fetch@^1.1.2:
  version "1.1.2"
  resolved "https://registry.yarnpkg.com/digest-fetch/-/digest-fetch-1.1.2.tgz#eb815ba82df68b6e63e1b0f98f550306513d5055"
  integrity sha512-p9XugX5hYt5tPf11T7Dn9STypl1uHKqM115Te6I0J8iowaIsWYCCHFNUAhlnMRqanioXPc2LYaTzeOBFElwh6g==
  dependencies:
    base-64 "^0.1.0"
    crypto-js "^3.1.9-1"

eventemitter3@^4.0.7:
  version "4.0.7"
  resolved "https://registry.yarnpkg.com/eventemitter3/-/eventemitter3-4.0.7.tgz#2de9b68f6528d5644ef5c59526a1b4a07306169f"
  integrity sha512-8guHBZCwKnFhYdHr2ysuRWErTwhoN2X8XELRlrRwpmfeY2jjuUN4taQMsULKUVo1K4DvZl+0pgfyoysHxvmvEw==

typescript@^4.0.2:
  version "4.0.2"
  resolved "https://registry.yarnpkg.com/typescript/-/typescript-4.0.2.tgz#7ea7c88777c723c681e33bf7988be5d008d05ac2"
  integrity sha512-e4ERvRV2wb+rRZ/IQeb3jm2VxBsirQLpQhdxplZ2MEzGvDkkMmPglecnNDfSUBivMjP93vRbngYYDQqQ/78bcQ==
